
Microsoft Visual Studio Solution File, Format Version 12.00
# Visual Studio Version 16
VisualStudioVersion = 16.0.33529.622
MinimumVisualStudioVersion = 10.0.40219.1
Project("{FAE04EC0-301F-11D3-BF4B-00C04F79EFBC}") = "PerkyRabbit", "PerkyRabbit.csproj", "{65FE9721-8D0B-4AEB-A7E6-B01602037AF3}"
EndProject
Global
	GlobalSection(SolutionConfigurationPlatforms) = preSolution
		Debug|Any CPU = Debug|Any CPU
		Release|Any CPU = Release|Any CPU
	EndGlobalSection
	GlobalSection(ProjectConfigurationPlatforms) = postSolution
		{65FE9721-8D0B-4AEB-A7E6-B01602037AF3}.Debug|Any CPU.ActiveCfg = Debug|Any CPU
		{65FE9721-8D0B-4AEB-A7E6-B01602037AF3}.Debug|Any CPU.Build.0 = Debug|Any CPU
		{65FE9721-8D0B-4AEB-A7E6-B01602037AF3}.Release|Any CPU.ActiveCfg = Release|Any CPU
		{65FE9721-8D0B-4AEB-A7E6-B01602037AF3}.Release|Any CPU.Build.0 = Release|Any CPU
	EndGlobalSection
	GlobalSection(SolutionProperties) = preSolution
		HideSolutionNode = FALSE
	EndGlobalSection
	GlobalSection(ExtensibilityGlobals) = postSolution
		SolutionGuid = {040305A7-673B-4149-B2D3-6FC208EE1DBD}
	EndGlobalSection
EndGlobal
